
Microsoft Visual Studio Solution File, Format Version 12.00
# Visual Studio Version 16
VisualStudioVersion = 16.0.28729.10
MinimumVisualStudioVersion = 10.0.40219.1
Project("{9A19103F-16F7-4668-BE54-9A1E7A4F7556}") = "BikeShareRegressionMLNet", "LinearRegressionMLNet\BikeShareRegressionMLNet.csproj", "{8C80D871-71FA-4AA4-A6BE-503A1C2739F8}"
EndProject
Global
	GlobalSection(SolutionConfigurationPlatforms) = preSolution
		Debug|Any CPU = Debug|Any CPU
		Release|Any CPU = Release|Any CPU
	EndGlobalSection
	GlobalSection(ProjectConfigurationPlatforms) = postSolution
		{8C80D871-71FA-4AA4-A6BE-503A1C2739F8}.Debug|Any CPU.ActiveCfg = Debug|Any CPU
		{8C80D871-71FA-4AA4-A6BE-503A1C2739F8}.Debug|Any CPU.Build.0 = Debug|Any CPU
		{8C80D871-71FA-4AA4-A6BE-503A1C2739F8}.Release|Any CPU.ActiveCfg = Release|Any CPU
		{8C80D871-71FA-4AA4-A6BE-503A1C2739F8}.Release|Any CPU.Build.0 = Release|Any CPU
	EndGlobalSection
	GlobalSection(SolutionProperties) = preSolution
		HideSolutionNode = FALSE
	EndGlobalSection
	GlobalSection(ExtensibilityGlobals) = postSolution
		SolutionGuid = {52FD98B7-205D-40CA-855C-88E9900BA741}
	EndGlobalSection
EndGlobal
